
Microsoft Visual Studio Solution File, Format Version 12.00
# Visual Studio Version 16
VisualStudioVersion = 16.0.29806.167
MinimumVisualStudioVersion = 10.0.40219.1
Project("{9A19103F-16F7-4668-BE54-9A1E7A4F7556}") = "X4_ComplexCalculator", "X4_ComplexCalculator\X4_ComplexCalculator.csproj", "{1E389320-5E3E-4F78-8334-EBF3972CE9EB}"
EndProject
Project("{9A19103F-16F7-4668-BE54-9A1E7A4F7556}") = "X4_ComplexCalculator_CustomControlLibrary", "X4_ComplexCalculator_CustomControlLibrary\X4_ComplexCalculator_CustomControlLibrary.csproj", "{8FC248D1-F77A-4BC8-B179-4994F764F541}"
EndProject
Project("{9A19103F-16F7-4668-BE54-9A1E7A4F7556}") = "LibX4", "LibX4\LibX4.csproj", "{DAC31A3D-9432-4D7D-9A9A-F5052017AB5D}"
EndProject
Project("{9A19103F-16F7-4668-BE54-9A1E7A4F7556}") = "X4_DataExporterWPF", "X4_DataExporterWPF\X4_DataExporterWPF.csproj", "{B4315308-79F8-4F96-B6D2-F66FF8B001C6}"
EndProject
Project("{9A19103F-16F7-4668-BE54-9A1E7A4F7556}") = "LibX4.Tests", "LibX4.Tests\LibX4.Tests.csproj", "{1EEA0D64-A038-4C8C-8E54-2CDEF906A28C}"
EndProject
Project("{9A19103F-16F7-4668-BE54-9A1E7A4F7556}") = "X4_DataExporterWPF.Tests", "X4_DataExporterWPF.Tests\X4_DataExporterWPF.Tests.csproj", "{CCEDDFE8-50C7-4061-ADD0-146D7F7B84CF}"
EndProject
Project("{2150E333-8FDC-42A3-9474-1A3956D46DE8}") = "Solution Items", "Solution Items", "{8E5D62F0-53B8-4AB3-8F8B-07A338482BDC}"
	ProjectSection(SolutionItems) = preProject
		.editorconfig = .editorconfig
	EndProjectSection
EndProject
Global
	GlobalSection(SolutionConfigurationPlatforms) = preSolution
		Debug|Any CPU = Debug|Any CPU
		Release|Any CPU = Release|Any CPU
	EndGlobalSection
	GlobalSection(ProjectConfigurationPlatforms) = postSolution
		{1E389320-5E3E-4F78-8334-EBF3972CE9EB}.Debug|Any CPU.ActiveCfg = Debug|Any CPU
		{1E389320-5E3E-4F78-8334-EBF3972CE9EB}.Debug|Any CPU.Build.0 = Debug|Any CPU
		{1E389320-5E3E-4F78-8334-EBF3972CE9EB}.Release|Any CPU.ActiveCfg = Release|Any CPU
		{1E389320-5E3E-4F78-8334-EBF3972CE9EB}.Release|Any CPU.Build.0 = Release|Any CPU
		{8FC248D1-F77A-4BC8-B179-4994F764F541}.Debug|Any CPU.ActiveCfg = Debug|Any CPU
		{8FC248D1-F77A-4BC8-B179-4994F764F541}.Debug|Any CPU.Build.0 = Debug|Any CPU
		{8FC248D1-F77A-4BC8-B179-4994F764F541}.Release|Any CPU.ActiveCfg = Release|Any CPU
		{8FC248D1-F77A-4BC8-B179-4994F764F541}.Release|Any CPU.Build.0 = Release|Any CPU
		{DAC31A3D-9432-4D7D-9A9A-F5052017AB5D}.Debug|Any CPU.ActiveCfg = Debug|Any CPU
		{DAC31A3D-9432-4D7D-9A9A-F5052017AB5D}.Debug|Any CPU.Build.0 = Debug|Any CPU
		{DAC31A3D-9432-4D7D-9A9A-F5052017AB5D}.Release|Any CPU.ActiveCfg = Release|Any CPU
		{DAC31A3D-9432-4D7D-9A9A-F5052017AB5D}.Release|Any CPU.Build.0 = Release|Any CPU
		{B4315308-79F8-4F96-B6D2-F66FF8B001C6}.Debug|Any CPU.ActiveCfg = Debug|Any CPU
		{B4315308-79F8-4F96-B6D2-F66FF8B001C6}.Debug|Any CPU.Build.0 = Debug|Any CPU
		{B4315308-79F8-4F96-B6D2-F66FF8B001C6}.Release|Any CPU.ActiveCfg = Release|Any CPU
		{B4315308-79F8-4F96-B6D2-F66FF8B001C6}.Release|Any CPU.Build.0 = Release|Any CPU
		{1EEA0D64-A038-4C8C-8E54-2CDEF906A28C}.Debug|Any CPU.ActiveCfg = Debug|Any CPU
		{1EEA0D64-A038-4C8C-8E54-2CDEF906A28C}.Debug|Any CPU.Build.0 = Debug|Any CPU
		{1EEA0D64-A038-4C8C-8E54-2CDEF906A28C}.Release|Any CPU.ActiveCfg = Release|Any CPU
		{1EEA0D64-A038-4C8C-8E54-2CDEF906A28C}.Release|Any CPU.Build.0 = Release|Any CPU
		{CCEDDFE8-50C7-4061-ADD0-146D7F7B84CF}.Debug|Any CPU.ActiveCfg = Debug|Any CPU
		{CCEDDFE8-50C7-4061-ADD0-146D7F7B84CF}.Debug|Any CPU.Build.0 = Debug|Any CPU
		{CCEDDFE8-50C7-4061-ADD0-146D7F7B84CF}.Release|Any CPU.ActiveCfg = Release|Any CPU
		{CCEDDFE8-50C7-4061-ADD0-146D7F7B84CF}.Release|Any CPU.Build.0 = Release|Any CPU
	EndGlobalSection
	GlobalSection(SolutionProperties) = preSolution
		HideSolutionNode = FALSE
	EndGlobalSection
	GlobalSection(ExtensibilityGlobals) = postSolution
		SolutionGuid = {2B3428BF-FB3D-4020-8888-250DC8D3F4BC}
	EndGlobalSection
EndGlobal
